#MicroXplorer Configuration settings - do not modify
ADC1.Channel-1\#ChannelRegularConversion=ADC_CHANNEL_1
ADC1.IPParameters=Rank-1\#ChannelRegularConversion,Channel-1\#ChannelRegularConversion,SamplingTime-1\#ChannelRegularConversion,OffsetNumber-1\#ChannelRegularConversion,MonitoredBy-1\#ChannelRegularConversion,NbrOfConversionFlag,master
ADC1.MonitoredBy-1\#ChannelRegularConversion=__NULL
ADC1.NbrOfConversionFlag=1
ADC1.OffsetNumber-1\#ChannelRegularConversion=ADC_OFFSET_NONE
ADC1.Rank-1\#ChannelRegularConversion=1
ADC1.SamplingTime-1\#ChannelRegularConversion=ADC_SAMPLETIME_2CYCLES_5
ADC1.master=1
BOOTPATH.BootPathName=LEGACY
BOOTPATH.IPParameters=BootPathName
BOOTPATH.UserSelectedBootPath=LEGACY
CAD.formats=[]
CAD.pinconfig=Dual
CAD.provider=
DAC1.DAC_Channel-DAC_OUT1=DAC_CHANNEL_1
DAC1.DAC_Channel-DAC_OUT2=DAC_CHANNEL_2
DAC1.IPParameters=DAC_Channel-DAC_OUT1,DAC_Channel-DAC_OUT2
File.Version=6
GPIO.groupedBy=Group By Peripherals
I2C1.IPParameters=Timing
I2C1.Timing=0x00707CBB
I2C2.IPParameters=Timing
I2C2.Timing=0x00707CBB
KeepUserPlacement=false
MMTAppReg1.MEMORYMAP.AP=RW_priv_only
MMTAppReg1.MEMORYMAP.AppRegionName=RAM
MMTAppReg1.MEMORYMAP.ContextName=Cortex-M33NS
MMTAppReg1.MEMORYMAP.CoreName=Arm Cortex-M33
MMTAppReg1.MEMORYMAP.DefaultDataRegion=true
MMTAppReg1.MEMORYMAP.IPParameters=StartAddress,Size,CoreName,DefaultDataRegion,ContextName,Name,AP
MMTAppReg1.MEMORYMAP.Name=RAM
MMTAppReg1.MEMORYMAP.Size=32768
MMTAppReg1.MEMORYMAP.StartAddress=0x20000000
MMTAppReg2.MEMORYMAP.AppRegionName=RAM Reserved Alias Region
MMTAppReg2.MEMORYMAP.CoreName=Arm Cortex-M33
MMTAppReg2.MEMORYMAP.DefaultDataRegion=false
MMTAppReg2.MEMORYMAP.IPParameters=StartAddress,Size,CoreName,DefaultDataRegion,ReservedRegion,Name
MMTAppReg2.MEMORYMAP.Name=RAM Reserved Alias Region
MMTAppReg2.MEMORYMAP.ReservedRegion=true
MMTAppReg2.MEMORYMAP.Size=32768
MMTAppReg2.MEMORYMAP.StartAddress=0x0A000000
MMTAppReg3.MEMORYMAP.AP=RO_priv_only
MMTAppReg3.MEMORYMAP.AppRegionName=FLASH
MMTAppReg3.MEMORYMAP.Cacheability=WTRA
MMTAppReg3.MEMORYMAP.ContextName=Cortex-M33NS
MMTAppReg3.MEMORYMAP.CoreName=Arm Cortex-M33
MMTAppReg3.MEMORYMAP.DefaultCodeRegion=true
MMTAppReg3.MEMORYMAP.DefaultDataRegion=false
MMTAppReg3.MEMORYMAP.IPParameters=StartAddress,Size,CoreName,DefaultDataRegion,MemType,ContextName,Name,AP,Cacheability,DefaultCodeRegion
MMTAppReg3.MEMORYMAP.MemType=ROM
MMTAppReg3.MEMORYMAP.Name=FLASH
MMTAppReg3.MEMORYMAP.Size=131072
MMTAppReg3.MEMORYMAP.StartAddress=0x08000000
MMTAppRegionsCount=3
MMTConfigApplied=false
Mcu.CPN=STM32H503RBT6
Mcu.Family=STM32H5
Mcu.IP0=ADC1
Mcu.IP1=BOOTPATH
Mcu.IP10=PWR
Mcu.IP11=RCC
Mcu.IP12=SAU
Mcu.IP13=SPI1
Mcu.IP14=SYS
Mcu.IP15=TIM2
Mcu.IP16=TIM3
Mcu.IP17=USART3
Mcu.IP18=USB
Mcu.IP2=CORTEX_M33_NS
Mcu.IP3=DAC1
Mcu.IP4=DEBUG
Mcu.IP5=I2C1
Mcu.IP6=I2C2
Mcu.IP7=ICACHE
Mcu.IP8=MEMORYMAP
Mcu.IP9=NVIC
Mcu.IPNb=19
Mcu.Name=STM32H503RBTx
Mcu.Package=LQFP64
Mcu.Pin0=PC13
Mcu.Pin1=PC14-OSC32_IN(OSC32_IN)
Mcu.Pin10=PA4
Mcu.Pin11=PA5
Mcu.Pin12=PA6
Mcu.Pin13=PA7
Mcu.Pin14=PC4
Mcu.Pin15=PC5
Mcu.Pin16=PB0
Mcu.Pin17=PB1
Mcu.Pin18=PB2
Mcu.Pin19=PB12
Mcu.Pin2=PC15-OSC32_OUT(OSC32_OUT)
Mcu.Pin20=PB13
Mcu.Pin21=PB14
Mcu.Pin22=PC6
Mcu.Pin23=PC7
Mcu.Pin24=PC8
Mcu.Pin25=PC9
Mcu.Pin26=PA8
Mcu.Pin27=PA9
Mcu.Pin28=PA10
Mcu.Pin29=PA11
Mcu.Pin3=PH0-OSC_IN(PH0)
Mcu.Pin30=PA12
Mcu.Pin31=PA13(JTMS/SWDIO)
Mcu.Pin32=PA14(JTCK/SWCLK)
Mcu.Pin33=PA15(JTDI)
Mcu.Pin34=PC10
Mcu.Pin35=PC11
Mcu.Pin36=PC12
Mcu.Pin37=PD2
Mcu.Pin38=PB3(JTDO/TRACESWO)
Mcu.Pin39=PB4(NJTRST)
Mcu.Pin4=PH1-OSC_OUT(PH1)
Mcu.Pin40=PB5
Mcu.Pin41=PB6
Mcu.Pin42=PB7
Mcu.Pin43=PB8
Mcu.Pin44=VP_CORTEX_M33_NS_VS_Hclk
Mcu.Pin45=VP_ICACHE_VS_ICACHE
Mcu.Pin46=VP_PWR_VS_SECSignals
Mcu.Pin47=VP_PWR_VS_LPOM
Mcu.Pin48=VP_PWR_VS_DBSignals
Mcu.Pin49=VP_SAU_VS_SAU
Mcu.Pin5=PC0
Mcu.Pin50=VP_SYS_VS_tim1
Mcu.Pin51=VP_BOOTPATH_VS_BOOTPATH
Mcu.Pin52=VP_MEMORYMAP_VS_MEMORYMAP
Mcu.Pin6=PC2
Mcu.Pin7=PC3
Mcu.Pin8=PA0
Mcu.Pin9=PA1
Mcu.PinsNb=53
Mcu.ThirdPartyNb=0
Mcu.UserConstants=
Mcu.UserName=STM32H503RBTx
MxCube.Version=6.11.1
MxDb.Version=DB.6.0.111
NVIC.BusFault_IRQn=true\:0\:0\:false\:false\:true\:false\:false\:false
NVIC.DebugMonitor_IRQn=true\:0\:0\:false\:false\:true\:false\:false\:false
NVIC.ForceEnableDMAVector=true
NVIC.HardFault_IRQn=true\:0\:0\:false\:false\:true\:false\:false\:false
NVIC.MemoryManagement_IRQn=true\:0\:0\:false\:false\:true\:false\:false\:false
NVIC.NonMaskableInt_IRQn=true\:0\:0\:false\:false\:true\:false\:false\:false
NVIC.PendSV_IRQn=true\:0\:0\:false\:false\:true\:false\:false\:false
NVIC.PriorityGroup=NVIC_PRIORITYGROUP_4
NVIC.SVCall_IRQn=true\:0\:0\:false\:false\:true\:false\:false\:false
NVIC.SysTick_IRQn=true\:15\:0\:false\:false\:true\:false\:true\:false
NVIC.TIM1_UP_IRQn=true\:15\:0\:false\:false\:true\:false\:true\:true
NVIC.TimeBase=TIM1_UP_IRQn
NVIC.TimeBaseIP=TIM1
NVIC.UsageFault_IRQn=true\:0\:0\:false\:false\:true\:false\:false\:false
PA0.Signal=ADCx_INP0
PA1.GPIOParameters=GPIO_Label
PA1.GPIO_Label=AA_LVL
PA1.Signal=ADCx_INP1
PA10.GPIOParameters=GPIO_Label
PA10.GPIO_Label=CHG_SOURCE
PA10.Locked=true
PA10.Signal=GPIO_Output
PA11.Mode=Device
PA11.Signal=USB_DM
PA12.Mode=Device
PA12.Signal=USB_DP
PA13(JTMS/SWDIO).Mode=JTAG_4_pins
PA13(JTMS/SWDIO).Signal=DEBUG_JTMS-SWDIO
PA14(JTCK/SWCLK).Mode=JTAG_4_pins
PA14(JTCK/SWCLK).Signal=DEBUG_JTCK-SWCLK
PA15(JTDI).Mode=JTAG_4_pins
PA15(JTDI).Signal=DEBUG_JTDI
PA4.Signal=COMP_DAC11_group
PA5.Signal=COMP_DAC12_group
PA6.GPIOParameters=GPIO_Label
PA6.GPIO_Label=LIPO_LVL
PA6.Signal=ADCx_INP3
PA7.Mode=Synchronous
PA7.Signal=USART3_CK
PA8.GPIOParameters=GPIO_Label
PA8.GPIO_Label=VCP1_T_RX
PA8.Mode=Synchronous
PA8.Signal=USART3_TX
PA9.GPIOParameters=GPIO_Label
PA9.GPIO_Label=nCHG_TIME_EN
PA9.Locked=true
PA9.Signal=GPIO_Output
PB0.GPIOParameters=GPIO_Label
PB0.GPIO_Label=PROX2_SIG
PB0.Locked=true
PB0.Signal=GPXTI0
PB1.GPIOParameters=GPIO_Label
PB1.GPIO_Label=Light_Level
PB1.Signal=ADCx_INP5
PB12.GPIOParameters=GPIO_Label
PB12.GPIO_Label=ESP32_EN
PB12.Locked=true
PB12.Signal=GPIO_Output
PB13.Mode=I2C
PB13.Signal=I2C2_SDA
PB14.GPIOParameters=GPIO_Label
PB14.GPIO_Label=LED_DRV_EN
PB14.Locked=true
PB14.Signal=GPIO_Output
PB2.GPIOParameters=GPIO_Label
PB2.GPIO_Label=IR1_DRIVE
PB2.Signal=S_TIM2_CH1
PB3(JTDO/TRACESWO).Mode=JTAG_4_pins
PB3(JTDO/TRACESWO).Signal=DEBUG_JTDO-SWO
PB4(NJTRST).Signal=DEBUG_JTRST
PB5.Mode=I2C
PB5.Signal=I2C2_SCL
PB6.GPIOParameters=GPIO_Label
PB6.GPIO_Label=Air_Sensor_Disable
PB6.Locked=true
PB6.Signal=GPIO_Output
PB7.GPIOParameters=GPIO_Label
PB7.GPIO_Label=COMP_OUT
PB7.Locked=true
PB7.Signal=GPIO_Input
PB8.GPIOParameters=GPIO_Label
PB8.GPIO_Label=HALL
PB8.Locked=true
PB8.Signal=GPIO_Input
PC0.Mode=Full_Duplex_Master
PC0.Signal=SPI1_SCK
PC10.GPIOParameters=PinState,GPIO_Label
PC10.GPIO_Label=LED2
PC10.Locked=true
PC10.PinState=GPIO_PIN_SET
PC10.Signal=GPIO_Output
PC11.GPIOParameters=PinState,GPIO_Label
PC11.GPIO_Label=LED1
PC11.Locked=true
PC11.PinState=GPIO_PIN_SET
PC11.Signal=GPIO_Output
PC12.GPIOParameters=GPIO_Label
PC12.GPIO_Label=ACC_INT2
PC12.Locked=true
PC12.Signal=GPXTI12
PC13.Locked=true
PC13.Signal=GPIO_Input
PC14-OSC32_IN(OSC32_IN).GPIOParameters=GPIO_Label
PC14-OSC32_IN(OSC32_IN).GPIO_Label=Air_INT
PC14-OSC32_IN(OSC32_IN).Locked=true
PC14-OSC32_IN(OSC32_IN).Signal=GPXTI14
PC15-OSC32_OUT(OSC32_OUT).GPIOParameters=GPIO_Label
PC15-OSC32_OUT(OSC32_OUT).GPIO_Label=PIR1_IN
PC15-OSC32_OUT(OSC32_OUT).Locked=true
PC15-OSC32_OUT(OSC32_OUT).Signal=GPXTI15
PC2.Mode=Full_Duplex_Master
PC2.Signal=SPI1_MISO
PC3.Mode=Full_Duplex_Master
PC3.Signal=SPI1_MOSI
PC4.GPIOParameters=GPIO_Label
PC4.GPIO_Label=VCP1_T_TX
PC4.Mode=Synchronous
PC4.Signal=USART3_RX
PC5.GPIOParameters=GPIO_Label
PC5.GPIO_Label=PROX1_SIG
PC5.Locked=true
PC5.Signal=GPXTI5
PC6.GPIOParameters=GPIO_Label
PC6.GPIO_Label=IR2_DRIVE
PC6.Signal=S_TIM3_CH1
PC7.GPIOParameters=GPIO_Label
PC7.GPIO_Label=PROTO_PIR
PC7.Locked=true
PC7.Signal=GPXTI7
PC8.Mode=I2C
PC8.Signal=I2C1_SCL
PC9.Mode=I2C
PC9.Signal=I2C1_SDA
PD2.GPIOParameters=GPIO_Label
PD2.GPIO_Label=ACC_INT1
PD2.Locked=true
PD2.Signal=GPXTI2
PH0-OSC_IN(PH0).Mode=HSE-External-Oscillator
PH0-OSC_IN(PH0).Signal=RCC_OSC_IN
PH1-OSC_OUT(PH1).Mode=HSE-External-Oscillator
PH1-OSC_OUT(PH1).Signal=RCC_OSC_OUT
PinOutPanel.RotationAngle=0
ProjectManager.AskForMigrate=true
ProjectManager.BackupPrevious=false
ProjectManager.CompilerOptimize=6
ProjectManager.ComputerToolchain=false
ProjectManager.CoupleFile=false
ProjectManager.CustomerFirmwarePackage=
ProjectManager.DefaultFWLocation=true
ProjectManager.DeletePrevious=true
ProjectManager.DeviceId=STM32H503RBTx
ProjectManager.FirmwarePackage=STM32Cube FW_H5 V1.2.0
ProjectManager.FreePins=false
ProjectManager.HalAssertFull=false
ProjectManager.HeapSize=0x200
ProjectManager.KeepUserCode=true
ProjectManager.LastFirmware=true
ProjectManager.LibraryCopy=2
ProjectManager.MainLocation=Core/Src
ProjectManager.NoMain=false
ProjectManager.PreviousToolchain=STM32CubeIDE
ProjectManager.ProjectBuild=false
ProjectManager.ProjectFileName=Pleiades-Sensor-Integration.ioc
ProjectManager.ProjectName=Pleiades-Sensor-Integration
ProjectManager.ProjectStructure=
ProjectManager.RegisterCallBack=
ProjectManager.StackSize=0x400
ProjectManager.TargetToolchain=STM32CubeIDE
ProjectManager.ToolChainLocation=
ProjectManager.UAScriptAfterPath=
ProjectManager.UAScriptBeforePath=
ProjectManager.UnderRoot=true
ProjectManager.functionlistsort=1-SystemClock_Config-RCC-false-HAL-false,2-MX_GPIO_Init-GPIO-false-HAL-true,3-MX_ADC1_Init-ADC1-false-HAL-true,4-MX_DAC1_Init-DAC1-false-HAL-true,5-MX_I2C1_Init-I2C1-false-HAL-true,6-MX_SAU_Init-SAU-false-HAL-true,7-MX_SPI1_Init-SPI1-false-HAL-true,8-MX_TIM2_Init-TIM2-false-HAL-true,9-MX_TIM3_Init-TIM3-false-HAL-true,10-MX_USB_PCD_Init-USB-false-HAL-true,11-MX_I2C2_Init-I2C2-false-HAL-true,12-MX_USART3_Init-USART3-false-HAL-true,13-MX_ICACHE_Init-ICACHE-false-HAL-true,0-MX_CORTEX_M33_NS_Init-CORTEX_M33_NS-false-HAL-true,0-MX_PWR_Init-PWR-false-HAL-true
RCC.ADCFreq_Value=32000000
RCC.AHBFreq_Value=32000000
RCC.APB1Freq_Value=32000000
RCC.APB1TimFreq_Value=32000000
RCC.APB2Freq_Value=32000000
RCC.APB2TimFreq_Value=32000000
RCC.APB3Freq_Value=32000000
RCC.CKPERFreq_Value=32000000
RCC.CRSFreq_Value=48000000
RCC.CSI_VALUE=4000000
RCC.CortexFreq_Value=32000000
RCC.DACFreq_Value=32000
RCC.DACLowPowerCLockSelection=RCC_DACLPCLKSOURCE_LSI
RCC.EPOD_VALUE=4000000
RCC.FCLKCortexFreq_Value=32000000
RCC.FDCANFreq_Value=25000000
RCC.FamilyName=M
RCC.HCLKFreq_Value=32000000
RCC.HSE_VALUE=25000000
RCC.HSI48_VALUE=48000000
RCC.HSI_VALUE=64000000
RCC.I2C1Freq_Value=32000000
RCC.I2C2Freq_Value=32000000
RCC.I3C1Freq_Value=32000000
RCC.I3C2Freq_Value=32000000
RCC.IPParameters=ADCFreq_Value,AHBFreq_Value,APB1Freq_Value,APB1TimFreq_Value,APB2Freq_Value,APB2TimFreq_Value,APB3Freq_Value,CKPERFreq_Value,CRSFreq_Value,CSI_VALUE,CortexFreq_Value,DACFreq_Value,DACLowPowerCLockSelection,EPOD_VALUE,FCLKCortexFreq_Value,FDCANFreq_Value,FamilyName,HCLKFreq_Value,HSE_VALUE,HSI48_VALUE,HSI_VALUE,I2C1Freq_Value,I2C2Freq_Value,I3C1Freq_Value,I3C2Freq_Value,LPTIM1Freq_Value,LPTIM2Freq_Value,LPUART1Freq_Value,LSCOPinFreq_Value,LSE_VALUE,LSIRC_VALUE,MCO1PinFreq_Value,MCO2PinFreq_Value,PLL2PoutputFreq_Value,PLL2QoutputFreq_Value,PLL2RoutputFreq_Value,PLLFRACN,PLLN,PLLPoutputFreq_Value,PLLQoutputFreq_Value,PWRFreq_Value,RNGFreq_Value,SPI1Freq_Value,SPI2Freq_Value,SPI3Freq_Value,SYSCLKFreq_VALUE,USART1Freq_Value,USART2Freq_Value,USART3Freq_Value,USBFreq_Value,VCOInput2Freq_Value,VCOInputFreq_Value,VCOOutputFreq_Value,VCOPLL2OutputFreq_Value
RCC.LPTIM1Freq_Value=32000000
RCC.LPTIM2Freq_Value=32000000
RCC.LPUART1Freq_Value=32000000
RCC.LSCOPinFreq_Value=32000
RCC.LSE_VALUE=32768
RCC.LSIRC_VALUE=32000
RCC.MCO1PinFreq_Value=32000000
RCC.MCO2PinFreq_Value=32000000
RCC.PLL2PoutputFreq_Value=258000000
RCC.PLL2QoutputFreq_Value=258000000
RCC.PLL2RoutputFreq_Value=258000000
RCC.PLLFRACN=0
RCC.PLLN=32
RCC.PLLPoutputFreq_Value=64000000
RCC.PLLQoutputFreq_Value=64000000
RCC.PWRFreq_Value=32000000
RCC.RNGFreq_Value=48000000
RCC.SPI1Freq_Value=64000000
RCC.SPI2Freq_Value=64000000
RCC.SPI3Freq_Value=64000000
RCC.SYSCLKFreq_VALUE=32000000
RCC.USART1Freq_Value=32000000
RCC.USART2Freq_Value=32000000
RCC.USART3Freq_Value=32000000
RCC.USBFreq_Value=48000000
RCC.VCOInput2Freq_Value=4000000
RCC.VCOInputFreq_Value=4000000
RCC.VCOOutputFreq_Value=128000000
RCC.VCOPLL2OutputFreq_Value=516000000
SH.ADCx_INP0.0=ADC1_INP0,IN0-Single-Ended
SH.ADCx_INP0.ConfNb=1
SH.ADCx_INP1.0=ADC1_INP1,IN1-Single-Ended
SH.ADCx_INP1.ConfNb=1
SH.ADCx_INP3.0=ADC1_INP3,IN3-Single-Ended
SH.ADCx_INP3.ConfNb=1
SH.ADCx_INP5.0=ADC1_INP5,IN5-Single-Ended
SH.ADCx_INP5.ConfNb=1
SH.COMP_DAC11_group.0=DAC1_OUT1,DAC_OUT1
SH.COMP_DAC11_group.ConfNb=1
SH.COMP_DAC12_group.0=DAC1_OUT2,DAC_OUT2
SH.COMP_DAC12_group.ConfNb=1
SH.GPXTI0.0=GPIO_EXTI0
SH.GPXTI0.ConfNb=1
SH.GPXTI12.0=GPIO_EXTI12
SH.GPXTI12.ConfNb=1
SH.GPXTI14.0=GPIO_EXTI14
SH.GPXTI14.ConfNb=1
SH.GPXTI15.0=GPIO_EXTI15
SH.GPXTI15.ConfNb=1
SH.GPXTI2.0=GPIO_EXTI2
SH.GPXTI2.ConfNb=1
SH.GPXTI5.0=GPIO_EXTI5
SH.GPXTI5.ConfNb=1
SH.GPXTI7.0=GPIO_EXTI7
SH.GPXTI7.ConfNb=1
SH.S_TIM2_CH1.0=TIM2_CH1,PWM Generation1 CH1
SH.S_TIM2_CH1.ConfNb=1
SH.S_TIM3_CH1.0=TIM3_CH1,PWM Generation1 CH1
SH.S_TIM3_CH1.ConfNb=1
SPI1.CalculateBaudRate=32.0 MBits/s
SPI1.Direction=SPI_DIRECTION_2LINES
SPI1.IPParameters=VirtualType,Mode,Direction,CalculateBaudRate
SPI1.Mode=SPI_MODE_MASTER
SPI1.VirtualType=VM_MASTER
TIM2.Channel-PWM\ Generation1\ CH1=TIM_CHANNEL_1
TIM2.IPParameters=Channel-PWM Generation1 CH1
TIM3.Channel-PWM\ Generation1\ CH1=TIM_CHANNEL_1
TIM3.IPParameters=Channel-PWM Generation1 CH1
USART3.IPParameters=VirtualMode
USART3.VirtualMode=VM_SYNC
USB.IPParameters=VirtualMode
USB.VirtualMode=Device_Only
VP_BOOTPATH_VS_BOOTPATH.Mode=BP_Activate
VP_BOOTPATH_VS_BOOTPATH.Signal=BOOTPATH_VS_BOOTPATH
VP_CORTEX_M33_NS_VS_Hclk.Mode=Hclk_Mode
VP_CORTEX_M33_NS_VS_Hclk.Signal=CORTEX_M33_NS_VS_Hclk
VP_ICACHE_VS_ICACHE.Mode=DirectMappedCache
VP_ICACHE_VS_ICACHE.Signal=ICACHE_VS_ICACHE
VP_MEMORYMAP_VS_MEMORYMAP.Mode=CurAppReg
VP_MEMORYMAP_VS_MEMORYMAP.Signal=MEMORYMAP_VS_MEMORYMAP
VP_PWR_VS_DBSignals.Mode=DisableDeadBatterySignals
VP_PWR_VS_DBSignals.Signal=PWR_VS_DBSignals
VP_PWR_VS_LPOM.Mode=PowerOptimisation
VP_PWR_VS_LPOM.Signal=PWR_VS_LPOM
VP_PWR_VS_SECSignals.Mode=Security/Privilege
VP_PWR_VS_SECSignals.Signal=PWR_VS_SECSignals
VP_SAU_VS_SAU.Mode=SAU_Init
VP_SAU_VS_SAU.Signal=SAU_VS_SAU
VP_SYS_VS_tim1.Mode=TIM1
VP_SYS_VS_tim1.Signal=SYS_VS_tim1
board=custom
isbadioc=false
